// !$*UTF8*$!
{
	archiveVersion = 1;
	classes = {
	};
	objectVersion = 55;
	objects = {

/* Begin PBXBuildFile section */
		4ACF46EC4A082DA63894FBC9 /* Pods_Assessment_AssessmentUITests.framework in Frameworks */ = {isa = PBXBuildFile; fileRef = 14460D80D494441D2ED6CFAC /* Pods_Assessment_AssessmentUITests.framework */; };
		52E84E93A69A52F87EC81C83 /* Pods_Assessment.framework in Frameworks */ = {isa = PBXBuildFile; fileRef = EC8B823E3D8E257E54E2B247 /* Pods_Assessment.framework */; };
		A28F08FC28B89D0900FE0AB9 /* AppDelegate.swift in Sources */ = {isa = PBXBuildFile; fileRef = A28F08FB28B89D0900FE0AB9 /* AppDelegate.swift */; };
		A28F08FE28B89D0900FE0AB9 /* SceneDelegate.swift in Sources */ = {isa = PBXBuildFile; fileRef = A28F08FD28B89D0900FE0AB9 /* SceneDelegate.swift */; };
		A28F090328B89D0900FE0AB9 /* Main.storyboard in Resources */ = {isa = PBXBuildFile; fileRef = A28F090128B89D0900FE0AB9 /* Main.storyboard */; };
		A28F090528B89D0C00FE0AB9 /* Assets.xcassets in Resources */ = {isa = PBXBuildFile; fileRef = A28F090428B89D0C00FE0AB9 /* Assets.xcassets */; };
		A28F090828B89D0C00FE0AB9 /* LaunchScreen.storyboard in Resources */ = {isa = PBXBuildFile; fileRef = A28F090628B89D0C00FE0AB9 /* LaunchScreen.storyboard */; };
		A28F091328B89D0C00FE0AB9 /* AssessmentTests.swift in Sources */ = {isa = PBXBuildFile; fileRef = A28F091228B89D0C00FE0AB9 /* AssessmentTests.swift */; };
		A28F091D28B89D0C00FE0AB9 /* AssessmentUITests.swift in Sources */ = {isa = PBXBuildFile; fileRef = A28F091C28B89D0C00FE0AB9 /* AssessmentUITests.swift */; };
		A28F091F28B89D0C00FE0AB9 /* AssessmentUITestsLaunchTests.swift in Sources */ = {isa = PBXBuildFile; fileRef = A28F091E28B89D0C00FE0AB9 /* AssessmentUITestsLaunchTests.swift */; };
		A28F093028B89DED00FE0AB9 /* AssessmentPresenter.swift in Sources */ = {isa = PBXBuildFile; fileRef = A28F092C28B89DEC00FE0AB9 /* AssessmentPresenter.swift */; };
		A28F093128B89DED00FE0AB9 /* AssessmentCoordinator.swift in Sources */ = {isa = PBXBuildFile; fileRef = A28F092D28B89DEC00FE0AB9 /* AssessmentCoordinator.swift */; };
		A28F093228B89DED00FE0AB9 /* AssessmentViewController.swift in Sources */ = {isa = PBXBuildFile; fileRef = A28F092E28B89DEC00FE0AB9 /* AssessmentViewController.swift */; };
		A28F093328B89DED00FE0AB9 /* AssessmentInteractor.swift in Sources */ = {isa = PBXBuildFile; fileRef = A28F092F28B89DEC00FE0AB9 /* AssessmentInteractor.swift */; };
		A28F095A28B8A02E00FE0AB9 /* RegularExpressions.swift in Sources */ = {isa = PBXBuildFile; fileRef = A28F093728B8A02900FE0AB9 /* RegularExpressions.swift */; };
		A28F095B28B8A02E00FE0AB9 /* GradientOrientation.swift in Sources */ = {isa = PBXBuildFile; fileRef = A28F093828B8A02900FE0AB9 /* GradientOrientation.swift */; };
		A28F095C28B8A02E00FE0AB9 /* Storyboard.swift in Sources */ = {isa = PBXBuildFile; fileRef = A28F093928B8A02900FE0AB9 /* Storyboard.swift */; };
		A28F095D28B8A02E00FE0AB9 /* Structs.swift in Sources */ = {isa = PBXBuildFile; fileRef = A28F093A28B8A02900FE0AB9 /* Structs.swift */; };
		A28F095E28B8A02E00FE0AB9 /* AdaptiveLayoutConstraint.swift in Sources */ = {isa = PBXBuildFile; fileRef = A28F093B28B8A02900FE0AB9 /* AdaptiveLayoutConstraint.swift */; };
		A28F095F28B8A02E00FE0AB9 /* ENUM.swift in Sources */ = {isa = PBXBuildFile; fileRef = A28F093C28B8A02900FE0AB9 /* ENUM.swift */; };
		A28F096028B8A02E00FE0AB9 /* AppConfig.swift in Sources */ = {isa = PBXBuildFile; fileRef = A28F093D28B8A02900FE0AB9 /* AppConfig.swift */; };
		A28F096128B8A02E00FE0AB9 /* Date.swift in Sources */ = {isa = PBXBuildFile; fileRef = A28F093F28B8A02A00FE0AB9 /* Date.swift */; };
		A28F096228B8A02E00FE0AB9 /* UIView.swift in Sources */ = {isa = PBXBuildFile; fileRef = A28F094028B8A02A00FE0AB9 /* UIView.swift */; };
		A28F096328B8A02E00FE0AB9 /* AdaptiveLayoutElements.swift in Sources */ = {isa = PBXBuildFile; fileRef = A28F094128B8A02A00FE0AB9 /* AdaptiveLayoutElements.swift */; };
		A28F096428B8A02E00FE0AB9 /* URLRequest.swift in Sources */ = {isa = PBXBuildFile; fileRef = A28F094228B8A02A00FE0AB9 /* URLRequest.swift */; };
		A28F096528B8A02E00FE0AB9 /* Data.swift in Sources */ = {isa = PBXBuildFile; fileRef = A28F094328B8A02A00FE0AB9 /* Data.swift */; };
		A28F096628B8A02E00FE0AB9 /* UIColor.swift in Sources */ = {isa = PBXBuildFile; fileRef = A28F094428B8A02A00FE0AB9 /* UIColor.swift */; };
		A28F096728B8A02E00FE0AB9 /* UIPageViewController.swift in Sources */ = {isa = PBXBuildFile; fileRef = A28F094528B8A02A00FE0AB9 /* UIPageViewController.swift */; };
		A28F096828B8A02E00FE0AB9 /* NSObject.swift in Sources */ = {isa = PBXBuildFile; fileRef = A28F094628B8A02A00FE0AB9 /* NSObject.swift */; };
		A28F096928B8A02E00FE0AB9 /* ImagePicker.swift in Sources */ = {isa = PBXBuildFile; fileRef = A28F094728B8A02A00FE0AB9 /* ImagePicker.swift */; };
		A28F096A28B8A02E00FE0AB9 /* Codable.swift in Sources */ = {isa = PBXBuildFile; fileRef = A28F094828B8A02A00FE0AB9 /* Codable.swift */; };
		A28F096B28B8A02E00FE0AB9 /* UIDevice.swift in Sources */ = {isa = PBXBuildFile; fileRef = A28F094928B8A02A00FE0AB9 /* UIDevice.swift */; };
		A28F096C28B8A02E00FE0AB9 /* ProgressHUD.swift in Sources */ = {isa = PBXBuildFile; fileRef = A28F094A28B8A02A00FE0AB9 /* ProgressHUD.swift */; };
		A28F096D28B8A02E00FE0AB9 /* Dictionary.swift in Sources */ = {isa = PBXBuildFile; fileRef = A28F094B28B8A02A00FE0AB9 /* Dictionary.swift */; };
		A28F096E28B8A02E00FE0AB9 /* String.swift in Sources */ = {isa = PBXBuildFile; fileRef = A28F094C28B8A02A00FE0AB9 /* String.swift */; };
		A28F096F28B8A02E00FE0AB9 /* UserDefaults.swift in Sources */ = {isa = PBXBuildFile; fileRef = A28F094D28B8A02A00FE0AB9 /* UserDefaults.swift */; };
		A28F097028B8A02E00FE0AB9 /* UIButton.swift in Sources */ = {isa = PBXBuildFile; fileRef = A28F094E28B8A02A00FE0AB9 /* UIButton.swift */; };
		A28F097128B8A02E00FE0AB9 /* UIImage.swift in Sources */ = {isa = PBXBuildFile; fileRef = A28F094F28B8A02A00FE0AB9 /* UIImage.swift */; };
		A28F097228B8A02E00FE0AB9 /* UIViewController.swift in Sources */ = {isa = PBXBuildFile; fileRef = A28F095028B8A02A00FE0AB9 /* UIViewController.swift */; };
		A28F097328B8A02E00FE0AB9 /* Connectivity.swift in Sources */ = {isa = PBXBuildFile; fileRef = A28F095128B8A02A00FE0AB9 /* Connectivity.swift */; };
		A28F097428B8A02E00FE0AB9 /* CGFloat.swift in Sources */ = {isa = PBXBuildFile; fileRef = A28F095228B8A02A00FE0AB9 /* CGFloat.swift */; };
		A28F097528B8A02E00FE0AB9 /* StringProtocol.swift in Sources */ = {isa = PBXBuildFile; fileRef = A28F095328B8A02A00FE0AB9 /* StringProtocol.swift */; };
		A28F097628B8A02E00FE0AB9 /* UIFont.swift in Sources */ = {isa = PBXBuildFile; fileRef = A28F095428B8A02A00FE0AB9 /* UIFont.swift */; };
		A28F097728B8A02E00FE0AB9 /* UIApplication.swift in Sources */ = {isa = PBXBuildFile; fileRef = A28F095528B8A02A00FE0AB9 /* UIApplication.swift */; };
		A28F097828B8A02E00FE0AB9 /* RSKPlaceholderTextView.swift in Sources */ = {isa = PBXBuildFile; fileRef = A28F095628B8A02A00FE0AB9 /* RSKPlaceholderTextView.swift */; };
		A28F097928B8A02E00FE0AB9 /* NSError.swift in Sources */ = {isa = PBXBuildFile; fileRef = A28F095728B8A02A00FE0AB9 /* NSError.swift */; };
		A28F097A28B8A02E00FE0AB9 /* UINavigationController.swift in Sources */ = {isa = PBXBuildFile; fileRef = A28F095828B8A02A00FE0AB9 /* UINavigationController.swift */; };
		A28F097D28B8A10300FE0AB9 /* AppCoordinator.swift in Sources */ = {isa = PBXBuildFile; fileRef = A28F097C28B8A10300FE0AB9 /* AppCoordinator.swift */; };
		A28F098828B8A23F00FE0AB9 /* API+OnBoarding.swift in Sources */ = {isa = PBXBuildFile; fileRef = A28F098028B8A23E00FE0AB9 /* API+OnBoarding.swift */; };
		A28F098928B8A23F00FE0AB9 /* EndPoint.swift in Sources */ = {isa = PBXBuildFile; fileRef = A28F098128B8A23E00FE0AB9 /* EndPoint.swift */; };
		A28F098A28B8A23F00FE0AB9 /* OAuthSession.swift in Sources */ = {isa = PBXBuildFile; fileRef = A28F098228B8A23E00FE0AB9 /* OAuthSession.swift */; };
		A28F098B28B8A23F00FE0AB9 /* NetworkManager.swift in Sources */ = {isa = PBXBuildFile; fileRef = A28F098328B8A23E00FE0AB9 /* NetworkManager.swift */; };
		A28F098C28B8A23F00FE0AB9 /* APIManager.swift in Sources */ = {isa = PBXBuildFile; fileRef = A28F098428B8A23E00FE0AB9 /* APIManager.swift */; };
		A28F098D28B8A23F00FE0AB9 /* URLRequest+Endpoint.swift in Sources */ = {isa = PBXBuildFile; fileRef = A28F098528B8A23E00FE0AB9 /* URLRequest+Endpoint.swift */; };
		A28F098E28B8A23F00FE0AB9 /* Logger.swift in Sources */ = {isa = PBXBuildFile; fileRef = A28F098728B8A23F00FE0AB9 /* Logger.swift */; };
		B65B229FC45044F62F5213AF /* Pods_AssessmentTests.framework in Frameworks */ = {isa = PBXBuildFile; fileRef = 30310131583943030849FBB0 /* Pods_AssessmentTests.framework */; };
/* End PBXBuildFile section */

/* Begin PBXContainerItemProxy section */
		A28F090F28B89D0C00FE0AB9 /* PBXContainerItemProxy */ = {
			isa = PBXContainerItemProxy;
			containerPortal = A28F08F028B89D0900FE0AB9 /* Project object */;
			proxyType = 1;
			remoteGlobalIDString = A28F08F728B89D0900FE0AB9;
			remoteInfo = Assessment;
		};
		A28F091928B89D0C00FE0AB9 /* PBXContainerItemProxy */ = {
			isa = PBXContainerItemProxy;
			containerPortal = A28F08F028B89D0900FE0AB9 /* Project object */;
			proxyType = 1;
			remoteGlobalIDString = A28F08F728B89D0900FE0AB9;
			remoteInfo = Assessment;
		};
/* End PBXContainerItemProxy section */

/* Begin PBXFileReference section */
		14460D80D494441D2ED6CFAC /* Pods_Assessment_AssessmentUITests.framework */ = {isa = PBXFileReference; explicitFileType = wrapper.framework; includeInIndex = 0; path = Pods_Assessment_AssessmentUITests.framework; sourceTree = BUILT_PRODUCTS_DIR; };
		27B43FC0BF2E493A8787CBC5 /* Pods-AssessmentTests.release.xcconfig */ = {isa = PBXFileReference; includeInIndex = 1; lastKnownFileType = text.xcconfig; name = "Pods-AssessmentTests.release.xcconfig"; path = "Target Support Files/Pods-AssessmentTests/Pods-AssessmentTests.release.xcconfig"; sourceTree = "<group>"; };
		30310131583943030849FBB0 /* Pods_AssessmentTests.framework */ = {isa = PBXFileReference; explicitFileType = wrapper.framework; includeInIndex = 0; path = Pods_AssessmentTests.framework; sourceTree = BUILT_PRODUCTS_DIR; };
		972BC1D85DD60DA838C0461F /* Pods-Assessment-AssessmentUITests.debug.xcconfig */ = {isa = PBXFileReference; includeInIndex = 1; lastKnownFileType = text.xcconfig; name = "Pods-Assessment-AssessmentUITests.debug.xcconfig"; path = "Target Support Files/Pods-Assessment-AssessmentUITests/Pods-Assessment-AssessmentUITests.debug.xcconfig"; sourceTree = "<group>"; };
		9C98FD159E6110F661AE1D4D /* Pods-Assessment.release.xcconfig */ = {isa = PBXFileReference; includeInIndex = 1; lastKnownFileType = text.xcconfig; name = "Pods-Assessment.release.xcconfig"; path = "Target Support Files/Pods-Assessment/Pods-Assessment.release.xcconfig"; sourceTree = "<group>"; };
		A28F08F828B89D0900FE0AB9 /* Assessment.app */ = {isa = PBXFileReference; explicitFileType = wrapper.application; includeInIndex = 0; path = Assessment.app; sourceTree = BUILT_PRODUCTS_DIR; };
		A28F08FB28B89D0900FE0AB9 /* AppDelegate.swift */ = {isa = PBXFileReference; lastKnownFileType = sourcecode.swift; name = AppDelegate.swift; path = "../New Group/AppDelegate.swift"; sourceTree = "<group>"; };
		A28F08FD28B89D0900FE0AB9 /* SceneDelegate.swift */ = {isa = PBXFileReference; lastKnownFileType = sourcecode.swift; name = SceneDelegate.swift; path = "../New Group/SceneDelegate.swift"; sourceTree = "<group>"; };
		A28F090228B89D0900FE0AB9 /* Base */ = {isa = PBXFileReference; lastKnownFileType = file.storyboard; name = Base; path = Base.lproj/Main.storyboard; sourceTree = "<group>"; };
		A28F090428B89D0C00FE0AB9 /* Assets.xcassets */ = {isa = PBXFileReference; lastKnownFileType = folder.assetcatalog; path = Assets.xcassets; sourceTree = "<group>"; };
		A28F090728B89D0C00FE0AB9 /* Base */ = {isa = PBXFileReference; lastKnownFileType = file.storyboard; name = Base; path = Base.lproj/LaunchScreen.storyboard; sourceTree = "<group>"; };
		A28F090928B89D0C00FE0AB9 /* Info.plist */ = {isa = PBXFileReference; lastKnownFileType = text.plist.xml; path = Info.plist; sourceTree = "<group>"; };
		A28F090E28B89D0C00FE0AB9 /* AssessmentTests.xctest */ = {isa = PBXFileReference; explicitFileType = wrapper.cfbundle; includeInIndex = 0; path = AssessmentTests.xctest; sourceTree = BUILT_PRODUCTS_DIR; };
		A28F091228B89D0C00FE0AB9 /* AssessmentTests.swift */ = {isa = PBXFileReference; lastKnownFileType = sourcecode.swift; path = AssessmentTests.swift; sourceTree = "<group>"; };
		A28F091828B89D0C00FE0AB9 /* AssessmentUITests.xctest */ = {isa = PBXFileReference; explicitFileType = wrapper.cfbundle; includeInIndex = 0; path = AssessmentUITests.xctest; sourceTree = BUILT_PRODUCTS_DIR; };
		A28F091C28B89D0C00FE0AB9 /* AssessmentUITests.swift */ = {isa = PBXFileReference; lastKnownFileType = sourcecode.swift; path = AssessmentUITests.swift; sourceTree = "<group>"; };
		A28F091E28B89D0C00FE0AB9 /* AssessmentUITestsLaunchTests.swift */ = {isa = PBXFileReference; lastKnownFileType = sourcecode.swift; path = AssessmentUITestsLaunchTests.swift; sourceTree = "<group>"; };
		A28F092C28B89DEC00FE0AB9 /* AssessmentPresenter.swift */ = {isa = PBXFileReference; fileEncoding = 4; lastKnownFileType = sourcecode.swift; path = AssessmentPresenter.swift; sourceTree = "<group>"; };
		A28F092D28B89DEC00FE0AB9 /* AssessmentCoordinator.swift */ = {isa = PBXFileReference; fileEncoding = 4; lastKnownFileType = sourcecode.swift; path = AssessmentCoordinator.swift; sourceTree = "<group>"; };
		A28F092E28B89DEC00FE0AB9 /* AssessmentViewController.swift */ = {isa = PBXFileReference; fileEncoding = 4; lastKnownFileType = sourcecode.swift; path = AssessmentViewController.swift; sourceTree = "<group>"; };
		A28F092F28B89DEC00FE0AB9 /* AssessmentInteractor.swift */ = {isa = PBXFileReference; fileEncoding = 4; lastKnownFileType = sourcecode.swift; path = AssessmentInteractor.swift; sourceTree = "<group>"; };
		A28F093728B8A02900FE0AB9 /* RegularExpressions.swift */ = {isa = PBXFileReference; fileEncoding = 4; lastKnownFileType = sourcecode.swift; path = RegularExpressions.swift; sourceTree = "<group>"; };
		A28F093828B8A02900FE0AB9 /* GradientOrientation.swift */ = {isa = PBXFileReference; fileEncoding = 4; lastKnownFileType = sourcecode.swift; path = GradientOrientation.swift; sourceTree = "<group>"; };
		A28F093928B8A02900FE0AB9 /* Storyboard.swift */ = {isa = PBXFileReference; fileEncoding = 4; lastKnownFileType = sourcecode.swift; path = Storyboard.swift; sourceTree = "<group>"; };
		A28F093A28B8A02900FE0AB9 /* Structs.swift */ = {isa = PBXFileReference; fileEncoding = 4; lastKnownFileType = sourcecode.swift; path = Structs.swift; sourceTree = "<group>"; };
		A28F093B28B8A02900FE0AB9 /* AdaptiveLayoutConstraint.swift */ = {isa = PBXFileReference; fileEncoding = 4; lastKnownFileType = sourcecode.swift; path = AdaptiveLayoutConstraint.swift; sourceTree = "<group>"; };
		A28F093C28B8A02900FE0AB9 /* ENUM.swift */ = {isa = PBXFileReference; fileEncoding = 4; lastKnownFileType = sourcecode.swift; path = ENUM.swift; sourceTree = "<group>"; };
		A28F093D28B8A02900FE0AB9 /* AppConfig.swift */ = {isa = PBXFileReference; fileEncoding = 4; lastKnownFileType = sourcecode.swift; path = AppConfig.swift; sourceTree = "<group>"; };
		A28F093F28B8A02A00FE0AB9 /* Date.swift */ = {isa = PBXFileReference; fileEncoding = 4; lastKnownFileType = sourcecode.swift; path = Date.swift; sourceTree = "<group>"; };
		A28F094028B8A02A00FE0AB9 /* UIView.swift */ = {isa = PBXFileReference; fileEncoding = 4; lastKnownFileType = sourcecode.swift; path = UIView.swift; sourceTree = "<group>"; };
		A28F094128B8A02A00FE0AB9 /* AdaptiveLayoutElements.swift */ = {isa = PBXFileReference; fileEncoding = 4; lastKnownFileType = sourcecode.swift; path = AdaptiveLayoutElements.swift; sourceTree = "<group>"; };
		A28F094228B8A02A00FE0AB9 /* URLRequest.swift */ = {isa = PBXFileReference; fileEncoding = 4; lastKnownFileType = sourcecode.swift; path = URLRequest.swift; sourceTree = "<group>"; };
		A28F094328B8A02A00FE0AB9 /* Data.swift */ = {isa = PBXFileReference; fileEncoding = 4; lastKnownFileType = sourcecode.swift; path = Data.swift; sourceTree = "<group>"; };
		A28F094428B8A02A00FE0AB9 /* UIColor.swift */ = {isa = PBXFileReference; fileEncoding = 4; lastKnownFileType = sourcecode.swift; path = UIColor.swift; sourceTree = "<group>"; };
		A28F094528B8A02A00FE0AB9 /* UIPageViewController.swift */ = {isa = PBXFileReference; fileEncoding = 4; lastKnownFileType = sourcecode.swift; path = UIPageViewController.swift; sourceTree = "<group>"; };
		A28F094628B8A02A00FE0AB9 /* NSObject.swift */ = {isa = PBXFileReference; fileEncoding = 4; lastKnownFileType = sourcecode.swift; path = NSObject.swift; sourceTree = "<group>"; };
		A28F094728B8A02A00FE0AB9 /* ImagePicker.swift */ = {isa = PBXFileReference; fileEncoding = 4; lastKnownFileType = sourcecode.swift; path = ImagePicker.swift; sourceTree = "<group>"; };
		A28F094828B8A02A00FE0AB9 /* Codable.swift */ = {isa = PBXFileReference; fileEncoding = 4; lastKnownFileType = sourcecode.swift; path = Codable.swift; sourceTree = "<group>"; };
		A28F094928B8A02A00FE0AB9 /* UIDevice.swift */ = {isa = PBXFileReference; fileEncoding = 4; lastKnownFileType = sourcecode.swift; path = UIDevice.swift; sourceTree = "<group>"; };
		A28F094A28B8A02A00FE0AB9 /* ProgressHUD.swift */ = {isa = PBXFileReference; fileEncoding = 4; lastKnownFileType = sourcecode.swift; path = ProgressHUD.swift; sourceTree = "<group>"; };
		A28F094B28B8A02A00FE0AB9 /* Dictionary.swift */ = {isa = PBXFileReference; fileEncoding = 4; lastKnownFileType = sourcecode.swift; path = Dictionary.swift; sourceTree = "<group>"; };
		A28F094C28B8A02A00FE0AB9 /* String.swift */ = {isa = PBXFileReference; fileEncoding = 4; lastKnownFileType = sourcecode.swift; path = String.swift; sourceTree = "<group>"; };
		A28F094D28B8A02A00FE0AB9 /* UserDefaults.swift */ = {isa = PBXFileReference; fileEncoding = 4; lastKnownFileType = sourcecode.swift; path = UserDefaults.swift; sourceTree = "<group>"; };
		A28F094E28B8A02A00FE0AB9 /* UIButton.swift */ = {isa = PBXFileReference; fileEncoding = 4; lastKnownFileType = sourcecode.swift; path = UIButton.swift; sourceTree = "<group>"; };
		A28F094F28B8A02A00FE0AB9 /* UIImage.swift */ = {isa = PBXFileReference; fileEncoding = 4; lastKnownFileType = sourcecode.swift; path = UIImage.swift; sourceTree = "<group>"; };
		A28F095028B8A02A00FE0AB9 /* UIViewController.swift */ = {isa = PBXFileReference; fileEncoding = 4; lastKnownFileType = sourcecode.swift; path = UIViewController.swift; sourceTree = "<group>"; };
		A28F095128B8A02A00FE0AB9 /* Connectivity.swift */ = {isa = PBXFileReference; fileEncoding = 4; lastKnownFileType = sourcecode.swift; path = Connectivity.swift; sourceTree = "<group>"; };
		A28F095228B8A02A00FE0AB9 /* CGFloat.swift */ = {isa = PBXFileReference; fileEncoding = 4; lastKnownFileType = sourcecode.swift; path = CGFloat.swift; sourceTree = "<group>"; };
		A28F095328B8A02A00FE0AB9 /* StringProtocol.swift */ = {isa = PBXFileReference; fileEncoding = 4; lastKnownFileType = sourcecode.swift; path = StringProtocol.swift; sourceTree = "<group>"; };
		A28F095428B8A02A00FE0AB9 /* UIFont.swift */ = {isa = PBXFileReference; fileEncoding = 4; lastKnownFileType = sourcecode.swift; path = UIFont.swift; sourceTree = "<group>"; };
		A28F095528B8A02A00FE0AB9 /* UIApplication.swift */ = {isa = PBXFileReference; fileEncoding = 4; lastKnownFileType = sourcecode.swift; path = UIApplication.swift; sourceTree = "<group>"; };
		A28F095628B8A02A00FE0AB9 /* RSKPlaceholderTextView.swift */ = {isa = PBXFileReference; fileEncoding = 4; lastKnownFileType = sourcecode.swift; path = RSKPlaceholderTextView.swift; sourceTree = "<group>"; };
		A28F095728B8A02A00FE0AB9 /* NSError.swift */ = {isa = PBXFileReference; fileEncoding = 4; lastKnownFileType = sourcecode.swift; path = NSError.swift; sourceTree = "<group>"; };
		A28F095828B8A02A00FE0AB9 /* UINavigationController.swift */ = {isa = PBXFileReference; fileEncoding = 4; lastKnownFileType = sourcecode.swift; path = UINavigationController.swift; sourceTree = "<group>"; };
		A28F097C28B8A10300FE0AB9 /* AppCoordinator.swift */ = {isa = PBXFileReference; fileEncoding = 4; lastKnownFileType = sourcecode.swift; path = AppCoordinator.swift; sourceTree = "<group>"; };
		A28F098028B8A23E00FE0AB9 /* API+OnBoarding.swift */ = {isa = PBXFileReference; fileEncoding = 4; lastKnownFileType = sourcecode.swift; path = "API+OnBoarding.swift"; sourceTree = "<group>"; };
		A28F098128B8A23E00FE0AB9 /* EndPoint.swift */ = {isa = PBXFileReference; fileEncoding = 4; lastKnownFileType = sourcecode.swift; path = EndPoint.swift; sourceTree = "<group>"; };
		A28F098228B8A23E00FE0AB9 /* OAuthSession.swift */ = {isa = PBXFileReference; fileEncoding = 4; lastKnownFileType = sourcecode.swift; path = OAuthSession.swift; sourceTree = "<group>"; };
		A28F098328B8A23E00FE0AB9 /* NetworkManager.swift */ = {isa = PBXFileReference; fileEncoding = 4; lastKnownFileType = sourcecode.swift; path = NetworkManager.swift; sourceTree = "<group>"; };
		A28F098428B8A23E00FE0AB9 /* APIManager.swift */ = {isa = PBXFileReference; fileEncoding = 4; lastKnownFileType = sourcecode.swift; path = APIManager.swift; sourceTree = "<group>"; };
		A28F098528B8A23E00FE0AB9 /* URLRequest+Endpoint.swift */ = {isa = PBXFileReference; fileEncoding = 4; lastKnownFileType = sourcecode.swift; path = "URLRequest+Endpoint.swift"; sourceTree = "<group>"; };
		A28F098728B8A23F00FE0AB9 /* Logger.swift */ = {isa = PBXFileReference; fileEncoding = 4; lastKnownFileType = sourcecode.swift; path = Logger.swift; sourceTree = "<group>"; };
		E71822A5EA22BAF907AE36BB /* Pods-AssessmentTests.debug.xcconfig */ = {isa = PBXFileReference; includeInIndex = 1; lastKnownFileType = text.xcconfig; name = "Pods-AssessmentTests.debug.xcconfig"; path = "Target Support Files/Pods-AssessmentTests/Pods-AssessmentTests.debug.xcconfig"; sourceTree = "<group>"; };
		E8890B6785AAC8BB1DD36DF4 /* Pods-Assessment-AssessmentUITests.release.xcconfig */ = {isa = PBXFileReference; includeInIndex = 1; lastKnownFileType = text.xcconfig; name = "Pods-Assessment-AssessmentUITests.release.xcconfig"; path = "Target Support Files/Pods-Assessment-AssessmentUITests/Pods-Assessment-AssessmentUITests.release.xcconfig"; sourceTree = "<group>"; };
		EBD2B7113C4722A9A840DEE8 /* Pods-Assessment.debug.xcconfig */ = {isa = PBXFileReference; includeInIndex = 1; lastKnownFileType = text.xcconfig; name = "Pods-Assessment.debug.xcconfig"; path = "Target Support Files/Pods-Assessment/Pods-Assessment.debug.xcconfig"; sourceTree = "<group>"; };
		EC8B823E3D8E257E54E2B247 /* Pods_Assessment.framework */ = {isa = PBXFileReference; explicitFileType = wrapper.framework; includeInIndex = 0; path = Pods_Assessment.framework; sourceTree = BUILT_PRODUCTS_DIR; };
/* End PBXFileReference section */

/* Begin PBXFrameworksBuildPhase section */
		A28F08F528B89D0900FE0AB9 /* Frameworks */ = {
			isa = PBXFrameworksBuildPhase;
			buildActionMask = 2147483647;
			files = (
				52E84E93A69A52F87EC81C83 /* Pods_Assessment.framework in Frameworks */,
			);
			runOnlyForDeploymentPostprocessing = 0;
		};
		A28F090B28B89D0C00FE0AB9 /* Frameworks */ = {
			isa = PBXFrameworksBuildPhase;
			buildActionMask = 2147483647;
			files = (
				B65B229FC45044F62F5213AF /* Pods_AssessmentTests.framework in Frameworks */,
			);
			runOnlyForDeploymentPostprocessing = 0;
		};
		A28F091528B89D0C00FE0AB9 /* Frameworks */ = {
			isa = PBXFrameworksBuildPhase;
			buildActionMask = 2147483647;
			files = (
				4ACF46EC4A082DA63894FBC9 /* Pods_Assessment_AssessmentUITests.framework in Frameworks */,
			);
			runOnlyForDeploymentPostprocessing = 0;
		};
/* End PBXFrameworksBuildPhase section */

/* Begin PBXGroup section */
		A28F08EF28B89D0900FE0AB9 = {
			isa = PBXGroup;
			children = (
				A28F08FA28B89D0900FE0AB9 /* Assessment */,
				A28F091128B89D0C00FE0AB9 /* AssessmentTests */,
				A28F091B28B89D0C00FE0AB9 /* AssessmentUITests */,
				A28F08F928B89D0900FE0AB9 /* Products */,
				BE62E33428F6A09E540FA95E /* Pods */,
				E90F52DB5C151E5CABB89835 /* Frameworks */,
			);
			sourceTree = "<group>";
		};
		A28F08F928B89D0900FE0AB9 /* Products */ = {
			isa = PBXGroup;
			children = (
				A28F08F828B89D0900FE0AB9 /* Assessment.app */,
				A28F090E28B89D0C00FE0AB9 /* AssessmentTests.xctest */,
				A28F091828B89D0C00FE0AB9 /* AssessmentUITests.xctest */,
			);
			name = Products;
			sourceTree = "<group>";
		};
		A28F08FA28B89D0900FE0AB9 /* Assessment */ = {
			isa = PBXGroup;
			children = (
				A28F093528B89DFF00FE0AB9 /* Application */,
				A28F095928B8A02E00FE0AB9 /* Storyboards */,
				A28F092B28B89DEC00FE0AB9 /* ViewControllers */,
				A28F097E28B8A23E00FE0AB9 /* Network Layer */,
				A28F098628B8A23F00FE0AB9 /* Utilities */,
				A28F093628B8A02900FE0AB9 /* Enum & Structs */,
				A28F093E28B8A02A00FE0AB9 /* Extension */,
				A28F097B28B8A03800FE0AB9 /* Assets */,
			);
			path = Assessment;
			sourceTree = "<group>";
		};
		A28F091128B89D0C00FE0AB9 /* AssessmentTests */ = {
			isa = PBXGroup;
			children = (
				A28F091228B89D0C00FE0AB9 /* AssessmentTests.swift */,
			);
			path = AssessmentTests;
			sourceTree = "<group>";
		};
		A28F091B28B89D0C00FE0AB9 /* AssessmentUITests */ = {
			isa = PBXGroup;
			children = (
				A28F091C28B89D0C00FE0AB9 /* AssessmentUITests.swift */,
				A28F091E28B89D0C00FE0AB9 /* AssessmentUITestsLaunchTests.swift */,
			);
			path = AssessmentUITests;
			sourceTree = "<group>";
		};
		A28F092B28B89DEC00FE0AB9 /* ViewControllers */ = {
			isa = PBXGroup;
			children = (
				A28F092C28B89DEC00FE0AB9 /* AssessmentPresenter.swift */,
				A28F092D28B89DEC00FE0AB9 /* AssessmentCoordinator.swift */,
				A28F092E28B89DEC00FE0AB9 /* AssessmentViewController.swift */,
				A28F092F28B89DEC00FE0AB9 /* AssessmentInteractor.swift */,
			);
			path = ViewControllers;
			sourceTree = "<group>";
		};
		A28F093528B89DFF00FE0AB9 /* Application */ = {
			isa = PBXGroup;
			children = (
				A28F097C28B8A10300FE0AB9 /* AppCoordinator.swift */,
				A28F08FB28B89D0900FE0AB9 /* AppDelegate.swift */,
				A28F08FD28B89D0900FE0AB9 /* SceneDelegate.swift */,
			);
			path = Application;
			sourceTree = "<group>";
		};
		A28F093628B8A02900FE0AB9 /* Enum & Structs */ = {
			isa = PBXGroup;
			children = (
				A28F093728B8A02900FE0AB9 /* RegularExpressions.swift */,
				A28F093828B8A02900FE0AB9 /* GradientOrientation.swift */,
				A28F093928B8A02900FE0AB9 /* Storyboard.swift */,
				A28F093A28B8A02900FE0AB9 /* Structs.swift */,
				A28F093B28B8A02900FE0AB9 /* AdaptiveLayoutConstraint.swift */,
				A28F093C28B8A02900FE0AB9 /* ENUM.swift */,
				A28F093D28B8A02900FE0AB9 /* AppConfig.swift */,
			);
			path = "Enum & Structs";
			sourceTree = "<group>";
		};
		A28F093E28B8A02A00FE0AB9 /* Extension */ = {
			isa = PBXGroup;
			children = (
				A28F093F28B8A02A00FE0AB9 /* Date.swift */,
				A28F094028B8A02A00FE0AB9 /* UIView.swift */,
				A28F094128B8A02A00FE0AB9 /* AdaptiveLayoutElements.swift */,
				A28F094228B8A02A00FE0AB9 /* URLRequest.swift */,
				A28F094328B8A02A00FE0AB9 /* Data.swift */,
				A28F094428B8A02A00FE0AB9 /* UIColor.swift */,
				A28F094528B8A02A00FE0AB9 /* UIPageViewController.swift */,
				A28F094628B8A02A00FE0AB9 /* NSObject.swift */,
				A28F094728B8A02A00FE0AB9 /* ImagePicker.swift */,
				A28F094828B8A02A00FE0AB9 /* Codable.swift */,
				A28F094928B8A02A00FE0AB9 /* UIDevice.swift */,
				A28F094A28B8A02A00FE0AB9 /* ProgressHUD.swift */,
				A28F094B28B8A02A00FE0AB9 /* Dictionary.swift */,
				A28F094C28B8A02A00FE0AB9 /* String.swift */,
				A28F094D28B8A02A00FE0AB9 /* UserDefaults.swift */,
				A28F094E28B8A02A00FE0AB9 /* UIButton.swift */,
				A28F094F28B8A02A00FE0AB9 /* UIImage.swift */,
				A28F095028B8A02A00FE0AB9 /* UIViewController.swift */,
				A28F095128B8A02A00FE0AB9 /* Connectivity.swift */,
				A28F095228B8A02A00FE0AB9 /* CGFloat.swift */,
				A28F095328B8A02A00FE0AB9 /* StringProtocol.swift */,
				A28F095428B8A02A00FE0AB9 /* UIFont.swift */,
				A28F095528B8A02A00FE0AB9 /* UIApplication.swift */,
				A28F095628B8A02A00FE0AB9 /* RSKPlaceholderTextView.swift */,
				A28F095728B8A02A00FE0AB9 /* NSError.swift */,
				A28F095828B8A02A00FE0AB9 /* UINavigationController.swift */,
			);
			path = Extension;
			sourceTree = "<group>";
		};
		A28F095928B8A02E00FE0AB9 /* Storyboards */ = {
			isa = PBXGroup;
			children = (
				A28F090128B89D0900FE0AB9 /* Main.storyboard */,
				A28F090628B89D0C00FE0AB9 /* LaunchScreen.storyboard */,
			);
			path = Storyboards;
			sourceTree = "<group>";
		};
		A28F097B28B8A03800FE0AB9 /* Assets */ = {
			isa = PBXGroup;
			children = (
				A28F090928B89D0C00FE0AB9 /* Info.plist */,
				A28F090428B89D0C00FE0AB9 /* Assets.xcassets */,
			);
			path = Assets;
			sourceTree = "<group>";
		};
		A28F097E28B8A23E00FE0AB9 /* Network Layer */ = {
			isa = PBXGroup;
			children = (
				A28F097F28B8A23E00FE0AB9 /* EndPoints */,
				A28F098228B8A23E00FE0AB9 /* OAuthSession.swift */,
				A28F098328B8A23E00FE0AB9 /* NetworkManager.swift */,
				A28F098428B8A23E00FE0AB9 /* APIManager.swift */,
				A28F098528B8A23E00FE0AB9 /* URLRequest+Endpoint.swift */,
			);
			path = "Network Layer";
			sourceTree = "<group>";
		};
		A28F097F28B8A23E00FE0AB9 /* EndPoints */ = {
			isa = PBXGroup;
			children = (
				A28F098028B8A23E00FE0AB9 /* API+OnBoarding.swift */,
				A28F098128B8A23E00FE0AB9 /* EndPoint.swift */,
			);
			path = EndPoints;
			sourceTree = "<group>";
		};
		A28F098628B8A23F00FE0AB9 /* Utilities */ = {
			isa = PBXGroup;
			children = (
				A28F098728B8A23F00FE0AB9 /* Logger.swift */,
			);
			path = Utilities;
			sourceTree = "<group>";
		};
		BE62E33428F6A09E540FA95E /* Pods */ = {
			isa = PBXGroup;
			children = (
				EBD2B7113C4722A9A840DEE8 /* Pods-Assessment.debug.xcconfig */,
				9C98FD159E6110F661AE1D4D /* Pods-Assessment.release.xcconfig */,
				972BC1D85DD60DA838C0461F /* Pods-Assessment-AssessmentUITests.debug.xcconfig */,
				E8890B6785AAC8BB1DD36DF4 /* Pods-Assessment-AssessmentUITests.release.xcconfig */,
				E71822A5EA22BAF907AE36BB /* Pods-AssessmentTests.debug.xcconfig */,
				27B43FC0BF2E493A8787CBC5 /* Pods-AssessmentTests.release.xcconfig */,
			);
			path = Pods;
			sourceTree = "<group>";
		};
		E90F52DB5C151E5CABB89835 /* Frameworks */ = {
			isa = PBXGroup;
			children = (
				EC8B823E3D8E257E54E2B247 /* Pods_Assessment.framework */,
				14460D80D494441D2ED6CFAC /* Pods_Assessment_AssessmentUITests.framework */,
				30310131583943030849FBB0 /* Pods_AssessmentTests.framework */,
			);
			name = Frameworks;
			sourceTree = "<group>";
		};
/* End PBXGroup section */

/* Begin PBXNativeTarget section */
		A28F08F728B89D0900FE0AB9 /* Assessment */ = {
			isa = PBXNativeTarget;
			buildConfigurationList = A28F092228B89D0C00FE0AB9 /* Build configuration list for PBXNativeTarget "Assessment" */;
			buildPhases = (
				AB86A9598D7D15995AD23C27 /* [CP] Check Pods Manifest.lock */,
				A28F08F428B89D0900FE0AB9 /* Sources */,
				A28F08F528B89D0900FE0AB9 /* Frameworks */,
				A28F08F628B89D0900FE0AB9 /* Resources */,
				E24E34A02CEA0E9B750F18C7 /* [CP] Embed Pods Frameworks */,
			);
			buildRules = (
			);
			dependencies = (
			);
			name = Assessment;
			productName = Assessment;
			productReference = A28F08F828B89D0900FE0AB9 /* Assessment.app */;
			productType = "com.apple.product-type.application";
		};
		A28F090D28B89D0C00FE0AB9 /* AssessmentTests */ = {
			isa = PBXNativeTarget;
			buildConfigurationList = A28F092528B89D0C00FE0AB9 /* Build configuration list for PBXNativeTarget "AssessmentTests" */;
			buildPhases = (
				5CE22AD3EB9B68A9719B89FE /* [CP] Check Pods Manifest.lock */,
				A28F090A28B89D0C00FE0AB9 /* Sources */,
				A28F090B28B89D0C00FE0AB9 /* Frameworks */,
				A28F090C28B89D0C00FE0AB9 /* Resources */,
			);
			buildRules = (
			);
			dependencies = (
				A28F091028B89D0C00FE0AB9 /* PBXTargetDependency */,
			);
			name = AssessmentTests;
			productName = AssessmentTests;
			productReference = A28F090E28B89D0C00FE0AB9 /* AssessmentTests.xctest */;
			productType = "com.apple.product-type.bundle.unit-test";
		};
		A28F091728B89D0C00FE0AB9 /* AssessmentUITests */ = {
			isa = PBXNativeTarget;
			buildConfigurationList = A28F092828B89D0C00FE0AB9 /* Build configuration list for PBXNativeTarget "AssessmentUITests" */;
			buildPhases = (
				8A1502A54C689ABB1B1CE738 /* [CP] Check Pods Manifest.lock */,
				A28F091428B89D0C00FE0AB9 /* Sources */,
				A28F091528B89D0C00FE0AB9 /* Frameworks */,
				A28F091628B89D0C00FE0AB9 /* Resources */,
				94E168E4012611C543FEB14A /* [CP] Embed Pods Frameworks */,
			);
			buildRules = (
			);
			dependencies = (
				A28F091A28B89D0C00FE0AB9 /* PBXTargetDependency */,
			);
			name = AssessmentUITests;
			productName = AssessmentUITests;
			productReference = A28F091828B89D0C00FE0AB9 /* AssessmentUITests.xctest */;
			productType = "com.apple.product-type.bundle.ui-testing";
		};
/* End PBXNativeTarget section */

/* Begin PBXProject section */
		A28F08F028B89D0900FE0AB9 /* Project object */ = {
			isa = PBXProject;
			attributes = {
				BuildIndependentTargetsInParallel = 1;
				LastSwiftUpdateCheck = 1340;
				LastUpgradeCheck = 1340;
				TargetAttributes = {
					A28F08F728B89D0900FE0AB9 = {
						CreatedOnToolsVersion = 13.4.1;
					};
					A28F090D28B89D0C00FE0AB9 = {
						CreatedOnToolsVersion = 13.4.1;
						TestTargetID = A28F08F728B89D0900FE0AB9;
					};
					A28F091728B89D0C00FE0AB9 = {
						CreatedOnToolsVersion = 13.4.1;
						TestTargetID = A28F08F728B89D0900FE0AB9;
					};
				};
			};
			buildConfigurationList = A28F08F328B89D0900FE0AB9 /* Build configuration list for PBXProject "Assessment" */;
			compatibilityVersion = "Xcode 13.0";
			developmentRegion = en;
			hasScannedForEncodings = 0;
			knownRegions = (
				en,
				Base,
			);
			mainGroup = A28F08EF28B89D0900FE0AB9;
			productRefGroup = A28F08F928B89D0900FE0AB9 /* Products */;
			projectDirPath = "";
			projectRoot = "";
			targets = (
				A28F08F728B89D0900FE0AB9 /* Assessment */,
				A28F090D28B89D0C00FE0AB9 /* AssessmentTests */,
				A28F091728B89D0C00FE0AB9 /* AssessmentUITests */,
			);
		};
/* End PBXProject section */

/* Begin PBXResourcesBuildPhase section */
		A28F08F628B89D0900FE0AB9 /* Resources */ = {
			isa = PBXResourcesBuildPhase;
			buildActionMask = 2147483647;
			files = (
				A28F090828B89D0C00FE0AB9 /* LaunchScreen.storyboard in Resources */,
				A28F090528B89D0C00FE0AB9 /* Assets.xcassets in Resources */,
				A28F090328B89D0900FE0AB9 /* Main.storyboard in Resources */,
			);
			runOnlyForDeploymentPostprocessing = 0;
		};
		A28F090C28B89D0C00FE0AB9 /* Resources */ = {
			isa = PBXResourcesBuildPhase;
			buildActionMask = 2147483647;
			files = (
			);
			runOnlyForDeploymentPostprocessing = 0;
		};
		A28F091628B89D0C00FE0AB9 /* Resources */ = {
			isa = PBXResourcesBuildPhase;
			buildActionMask = 2147483647;
			files = (
			);
			runOnlyForDeploymentPostprocessing = 0;
		};
/* End PBXResourcesBuildPhase section */

/* Begin PBXShellScriptBuildPhase section */
		5CE22AD3EB9B68A9719B89FE /* [CP] Check Pods Manifest.lock */ = {
			isa = PBXShellScriptBuildPhase;
			buildActionMask = 2147483647;
			files = (
			);
			inputFileListPaths = (
			);
			inputPaths = (
				"${PODS_PODFILE_DIR_PATH}/Podfile.lock",
				"${PODS_ROOT}/Manifest.lock",
			);
			name = "[CP] Check Pods Manifest.lock";
			outputFileListPaths = (
			);
			outputPaths = (
				"$(DERIVED_FILE_DIR)/Pods-AssessmentTests-checkManifestLockResult.txt",
			);
			runOnlyForDeploymentPostprocessing = 0;
			shellPath = /bin/sh;
			shellScript = "diff \"${PODS_PODFILE_DIR_PATH}/Podfile.lock\" \"${PODS_ROOT}/Manifest.lock\" > /dev/null\nif [ $? != 0 ] ; then\n    # print error to STDERR\n    echo \"error: The sandbox is not in sync with the Podfile.lock. Run 'pod install' or update your CocoaPods installation.\" >&2\n    exit 1\nfi\n# This output is used by Xcode 'outputs' to avoid re-running this script phase.\necho \"SUCCESS\" > \"${SCRIPT_OUTPUT_FILE_0}\"\n";
			showEnvVarsInLog = 0;
		};
		8A1502A54C689ABB1B1CE738 /* [CP] Check Pods Manifest.lock */ = {
			isa = PBXShellScriptBuildPhase;
			buildActionMask = 2147483647;
			files = (
			);
			inputFileListPaths = (
			);
			inputPaths = (
				"${PODS_PODFILE_DIR_PATH}/Podfile.lock",
				"${PODS_ROOT}/Manifest.lock",
			);
			name = "[CP] Check Pods Manifest.lock";
			outputFileListPaths = (
			);
			outputPaths = (
				"$(DERIVED_FILE_DIR)/Pods-Assessment-AssessmentUITests-checkManifestLockResult.txt",
			);
			runOnlyForDeploymentPostprocessing = 0;
			shellPath = /bin/sh;
			shellScript = "diff \"${PODS_PODFILE_DIR_PATH}/Podfile.lock\" \"${PODS_ROOT}/Manifest.lock\" > /dev/null\nif [ $? != 0 ] ; then\n    # print error to STDERR\n    echo \"error: The sandbox is not in sync with the Podfile.lock. Run 'pod install' or update your CocoaPods installation.\" >&2\n    exit 1\nfi\n# This output is used by Xcode 'outputs' to avoid re-running this script phase.\necho \"SUCCESS\" > \"${SCRIPT_OUTPUT_FILE_0}\"\n";
			showEnvVarsInLog = 0;
		};
		94E168E4012611C543FEB14A /* [CP] Embed Pods Frameworks */ = {
			isa = PBXShellScriptBuildPhase;
			buildActionMask = 2147483647;
			files = (
			);
			inputFileListPaths = (
				"${PODS_ROOT}/Target Support Files/Pods-Assessment-AssessmentUITests/Pods-Assessment-AssessmentUITests-frameworks-${CONFIGURATION}-input-files.xcfilelist",
			);
			name = "[CP] Embed Pods Frameworks";
			outputFileListPaths = (
				"${PODS_ROOT}/Target Support Files/Pods-Assessment-AssessmentUITests/Pods-Assessment-AssessmentUITests-frameworks-${CONFIGURATION}-output-files.xcfilelist",
			);
			runOnlyForDeploymentPostprocessing = 0;
			shellPath = /bin/sh;
			shellScript = "\"${PODS_ROOT}/Target Support Files/Pods-Assessment-AssessmentUITests/Pods-Assessment-AssessmentUITests-frameworks.sh\"\n";
			showEnvVarsInLog = 0;
		};
		AB86A9598D7D15995AD23C27 /* [CP] Check Pods Manifest.lock */ = {
			isa = PBXShellScriptBuildPhase;
			buildActionMask = 2147483647;
			files = (
			);
			inputFileListPaths = (
			);
			inputPaths = (
				"${PODS_PODFILE_DIR_PATH}/Podfile.lock",
				"${PODS_ROOT}/Manifest.lock",
			);
			name = "[CP] Check Pods Manifest.lock";
			outputFileListPaths = (
			);
			outputPaths = (
				"$(DERIVED_FILE_DIR)/Pods-Assessment-checkManifestLockResult.txt",
			);
			runOnlyForDeploymentPostprocessing = 0;
			shellPath = /bin/sh;
			shellScript = "diff \"${PODS_PODFILE_DIR_PATH}/Podfile.lock\" \"${PODS_ROOT}/Manifest.lock\" > /dev/null\nif [ $? != 0 ] ; then\n    # print error to STDERR\n    echo \"error: The sandbox is not in sync with the Podfile.lock. Run 'pod install' or update your CocoaPods installation.\" >&2\n    exit 1\nfi\n# This output is used by Xcode 'outputs' to avoid re-running this script phase.\necho \"SUCCESS\" > \"${SCRIPT_OUTPUT_FILE_0}\"\n";
			showEnvVarsInLog = 0;
		};
		E24E34A02CEA0E9B750F18C7 /* [CP] Embed Pods Frameworks */ = {
			isa = PBXShellScriptBuildPhase;
			buildActionMask = 2147483647;
			files = (
			);
			inputFileListPaths = (
				"${PODS_ROOT}/Target Support Files/Pods-Assessment/Pods-Assessment-frameworks-${CONFIGURATION}-input-files.xcfilelist",
			);
			name = "[CP] Embed Pods Frameworks";
			outputFileListPaths = (
				"${PODS_ROOT}/Target Support Files/Pods-Assessment/Pods-Assessment-frameworks-${CONFIGURATION}-output-files.xcfilelist",
			);
			runOnlyForDeploymentPostprocessing = 0;
			shellPath = /bin/sh;
			shellScript = "\"${PODS_ROOT}/Target Support Files/Pods-Assessment/Pods-Assessment-frameworks.sh\"\n";
			showEnvVarsInLog = 0;
		};
/* End PBXShellScriptBuildPhase section */

/* Begin PBXSourcesBuildPhase section */
		A28F08F428B89D0900FE0AB9 /* Sources */ = {
			isa = PBXSourcesBuildPhase;
			buildActionMask = 2147483647;
			files = (
				A28F096F28B8A02E00FE0AB9 /* UserDefaults.swift in Sources */,
				A28F097A28B8A02E00FE0AB9 /* UINavigationController.swift in Sources */,
				A28F096B28B8A02E00FE0AB9 /* UIDevice.swift in Sources */,
				A28F097828B8A02E00FE0AB9 /* RSKPlaceholderTextView.swift in Sources */,
				A28F098E28B8A23F00FE0AB9 /* Logger.swift in Sources */,
				A28F098B28B8A23F00FE0AB9 /* NetworkManager.swift in Sources */,
				A28F096228B8A02E00FE0AB9 /* UIView.swift in Sources */,
				A28F096C28B8A02E00FE0AB9 /* ProgressHUD.swift in Sources */,
				A28F096828B8A02E00FE0AB9 /* NSObject.swift in Sources */,
				A28F097028B8A02E00FE0AB9 /* UIButton.swift in Sources */,
				A28F096A28B8A02E00FE0AB9 /* Codable.swift in Sources */,
				A28F097928B8A02E00FE0AB9 /* NSError.swift in Sources */,
				A28F096D28B8A02E00FE0AB9 /* Dictionary.swift in Sources */,
				A28F098C28B8A23F00FE0AB9 /* APIManager.swift in Sources */,
				A28F097628B8A02E00FE0AB9 /* UIFont.swift in Sources */,
				A28F098928B8A23F00FE0AB9 /* EndPoint.swift in Sources */,
				A28F097D28B8A10300FE0AB9 /* AppCoordinator.swift in Sources */,
				A28F096328B8A02E00FE0AB9 /* AdaptiveLayoutElements.swift in Sources */,
				A28F095F28B8A02E00FE0AB9 /* ENUM.swift in Sources */,
				A28F096128B8A02E00FE0AB9 /* Date.swift in Sources */,
				A28F095A28B8A02E00FE0AB9 /* RegularExpressions.swift in Sources */,
				A28F097128B8A02E00FE0AB9 /* UIImage.swift in Sources */,
				A28F098A28B8A23F00FE0AB9 /* OAuthSession.swift in Sources */,
				A28F097528B8A02E00FE0AB9 /* StringProtocol.swift in Sources */,
				A28F097228B8A02E00FE0AB9 /* UIViewController.swift in Sources */,
				A28F097728B8A02E00FE0AB9 /* UIApplication.swift in Sources */,
				A28F096028B8A02E00FE0AB9 /* AppConfig.swift in Sources */,
				A28F098D28B8A23F00FE0AB9 /* URLRequest+Endpoint.swift in Sources */,
				A28F08FC28B89D0900FE0AB9 /* AppDelegate.swift in Sources */,
				A28F095D28B8A02E00FE0AB9 /* Structs.swift in Sources */,
				A28F096628B8A02E00FE0AB9 /* UIColor.swift in Sources */,
				A28F093128B89DED00FE0AB9 /* AssessmentCoordinator.swift in Sources */,
				A28F093228B89DED00FE0AB9 /* AssessmentViewController.swift in Sources */,
				A28F096928B8A02E00FE0AB9 /* ImagePicker.swift in Sources */,
				A28F098828B8A23F00FE0AB9 /* API+OnBoarding.swift in Sources */,
				A28F096E28B8A02E00FE0AB9 /* String.swift in Sources */,
				A28F095E28B8A02E00FE0AB9 /* AdaptiveLayoutConstraint.swift in Sources */,
				A28F08FE28B89D0900FE0AB9 /* SceneDelegate.swift in Sources */,
				A28F095C28B8A02E00FE0AB9 /* Storyboard.swift in Sources */,
				A28F093028B89DED00FE0AB9 /* AssessmentPresenter.swift in Sources */,
				A28F096728B8A02E00FE0AB9 /* UIPageViewController.swift in Sources */,
				A28F097428B8A02E00FE0AB9 /* CGFloat.swift in Sources */,
				A28F096428B8A02E00FE0AB9 /* URLRequest.swift in Sources */,
				A28F097328B8A02E00FE0AB9 /* Connectivity.swift in Sources */,
				A28F096528B8A02E00FE0AB9 /* Data.swift in Sources */,
				A28F093328B89DED00FE0AB9 /* AssessmentInteractor.swift in Sources */,
				A28F095B28B8A02E00FE0AB9 /* GradientOrientation.swift in Sources */,
			);
			runOnlyForDeploymentPostprocessing = 0;
		};
		A28F090A28B89D0C00FE0AB9 /* Sources */ = {
			isa = PBXSourcesBuildPhase;
			buildActionMask = 2147483647;
			files = (
				A28F091328B89D0C00FE0AB9 /* AssessmentTests.swift in Sources */,
			);
			runOnlyForDeploymentPostprocessing = 0;
		};
		A28F091428B89D0C00FE0AB9 /* Sources */ = {
			isa = PBXSourcesBuildPhase;
			buildActionMask = 2147483647;
			files = (
				A28F091F28B89D0C00FE0AB9 /* AssessmentUITestsLaunchTests.swift in Sources */,
				A28F091D28B89D0C00FE0AB9 /* AssessmentUITests.swift in Sources */,
			);
			runOnlyForDeploymentPostprocessing = 0;
		};
/* End PBXSourcesBuildPhase section */

/* Begin PBXTargetDependency section */
		A28F091028B89D0C00FE0AB9 /* PBXTargetDependency */ = {
			isa = PBXTargetDependency;
			target = A28F08F728B89D0900FE0AB9 /* Assessment */;
			targetProxy = A28F090F28B89D0C00FE0AB9 /* PBXContainerItemProxy */;
		};
		A28F091A28B89D0C00FE0AB9 /* PBXTargetDependency */ = {
			isa = PBXTargetDependency;
			target = A28F08F728B89D0900FE0AB9 /* Assessment */;
			targetProxy = A28F091928B89D0C00FE0AB9 /* PBXContainerItemProxy */;
		};
/* End PBXTargetDependency section */

/* Begin PBXVariantGroup section */
		A28F090128B89D0900FE0AB9 /* Main.storyboard */ = {
			isa = PBXVariantGroup;
			children = (
				A28F090228B89D0900FE0AB9 /* Base */,
			);
			name = Main.storyboard;
			sourceTree = "<group>";
		};
		A28F090628B89D0C00FE0AB9 /* LaunchScreen.storyboard */ = {
			isa = PBXVariantGroup;
			children = (
				A28F090728B89D0C00FE0AB9 /* Base */,
			);
			name = LaunchScreen.storyboard;
			sourceTree = "<group>";
		};
/* End PBXVariantGroup section */

/* Begin XCBuildConfiguration section */
		A28F092028B89D0C00FE0AB9 /* Debug */ = {
			isa = XCBuildConfiguration;
			buildSettings = {
				ALWAYS_SEARCH_USER_PATHS = NO;
				CLANG_ANALYZER_NONNULL = YES;
				CLANG_ANALYZER_NUMBER_OBJECT_CONVERSION = YES_AGGRESSIVE;
				CLANG_CXX_LANGUAGE_STANDARD = "gnu++17";
				CLANG_ENABLE_MODULES = YES;
				CLANG_ENABLE_OBJC_ARC = YES;
				CLANG_ENABLE_OBJC_WEAK = YES;
				CLANG_WARN_BLOCK_CAPTURE_AUTORELEASING = YES;
				CLANG_WARN_BOOL_CONVERSION = YES;
				CLANG_WARN_COMMA = YES;
				CLANG_WARN_CONSTANT_CONVERSION = YES;
				CLANG_WARN_DEPRECATED_OBJC_IMPLEMENTATIONS = YES;
				CLANG_WARN_DIRECT_OBJC_ISA_USAGE = YES_ERROR;
				CLANG_WARN_DOCUMENTATION_COMMENTS = YES;
				CLANG_WARN_EMPTY_BODY = YES;
				CLANG_WARN_ENUM_CONVERSION = YES;
				CLANG_WARN_INFINITE_RECURSION = YES;
				CLANG_WARN_INT_CONVERSION = YES;
				CLANG_WARN_NON_LITERAL_NULL_CONVERSION = YES;
				CLANG_WARN_OBJC_IMPLICIT_RETAIN_SELF = YES;
				CLANG_WARN_OBJC_LITERAL_CONVERSION = YES;
				CLANG_WARN_OBJC_ROOT_CLASS = YES_ERROR;
				CLANG_WARN_QUOTED_INCLUDE_IN_FRAMEWORK_HEADER = YES;
				CLANG_WARN_RANGE_LOOP_ANALYSIS = YES;
				CLANG_WARN_STRICT_PROTOTYPES = YES;
				CLANG_WARN_SUSPICIOUS_MOVE = YES;
				CLANG_WARN_UNGUARDED_AVAILABILITY = YES_AGGRESSIVE;
				CLANG_WARN_UNREACHABLE_CODE = YES;
				CLANG_WARN__DUPLICATE_METHOD_MATCH = YES;
				COPY_PHASE_STRIP = NO;
				DEBUG_INFORMATION_FORMAT = dwarf;
				ENABLE_STRICT_OBJC_MSGSEND = YES;
				ENABLE_TESTABILITY = YES;
				GCC_C_LANGUAGE_STANDARD = gnu11;
				GCC_DYNAMIC_NO_PIC = NO;
				GCC_NO_COMMON_BLOCKS = YES;
				GCC_OPTIMIZATION_LEVEL = 0;
				GCC_PREPROCESSOR_DEFINITIONS = (
					"DEBUG=1",
					"$(inherited)",
				);
				GCC_WARN_64_TO_32_BIT_CONVERSION = YES;
				GCC_WARN_ABOUT_RETURN_TYPE = YES_ERROR;
				GCC_WARN_UNDECLARED_SELECTOR = YES;
				GCC_WARN_UNINITIALIZED_AUTOS = YES_AGGRESSIVE;
				GCC_WARN_UNUSED_FUNCTION = YES;
				GCC_WARN_UNUSED_VARIABLE = YES;
				IPHONEOS_DEPLOYMENT_TARGET = 15.5;
				MTL_ENABLE_DEBUG_INFO = INCLUDE_SOURCE;
				MTL_FAST_MATH = YES;
				ONLY_ACTIVE_ARCH = YES;
				SDKROOT = iphoneos;
				SWIFT_ACTIVE_COMPILATION_CONDITIONS = DEBUG;
				SWIFT_OPTIMIZATION_LEVEL = "-Onone";
			};
			name = Debug;
		};
		A28F092128B89D0C00FE0AB9 /* Release */ = {
			isa = XCBuildConfiguration;
			buildSettings = {
				ALWAYS_SEARCH_USER_PATHS = NO;
				CLANG_ANALYZER_NONNULL = YES;
				CLANG_ANALYZER_NUMBER_OBJECT_CONVERSION = YES_AGGRESSIVE;
				CLANG_CXX_LANGUAGE_STANDARD = "gnu++17";
				CLANG_ENABLE_MODULES = YES;
				CLANG_ENABLE_OBJC_ARC = YES;
				CLANG_ENABLE_OBJC_WEAK = YES;
				CLANG_WARN_BLOCK_CAPTURE_AUTORELEASING = YES;
				CLANG_WARN_BOOL_CONVERSION = YES;
				CLANG_WARN_COMMA = YES;
				CLANG_WARN_CONSTANT_CONVERSION = YES;
				CLANG_WARN_DEPRECATED_OBJC_IMPLEMENTATIONS = YES;
				CLANG_WARN_DIRECT_OBJC_ISA_USAGE = YES_ERROR;
				CLANG_WARN_DOCUMENTATION_COMMENTS = YES;
				CLANG_WARN_EMPTY_BODY = YES;
				CLANG_WARN_ENUM_CONVERSION = YES;
				CLANG_WARN_INFINITE_RECURSION = YES;
				CLANG_WARN_INT_CONVERSION = YES;
				CLANG_WARN_NON_LITERAL_NULL_CONVERSION = YES;
				CLANG_WARN_OBJC_IMPLICIT_RETAIN_SELF = YES;
				CLANG_WARN_OBJC_LITERAL_CONVERSION = YES;
				CLANG_WARN_OBJC_ROOT_CLASS = YES_ERROR;
				CLANG_WARN_QUOTED_INCLUDE_IN_FRAMEWORK_HEADER = YES;
				CLANG_WARN_RANGE_LOOP_ANALYSIS = YES;
				CLANG_WARN_STRICT_PROTOTYPES = YES;
				CLANG_WARN_SUSPICIOUS_MOVE = YES;
				CLANG_WARN_UNGUARDED_AVAILABILITY = YES_AGGRESSIVE;
				CLANG_WARN_UNREACHABLE_CODE = YES;
				CLANG_WARN__DUPLICATE_METHOD_MATCH = YES;
				COPY_PHASE_STRIP = NO;
				DEBUG_INFORMATION_FORMAT = "dwarf-with-dsym";
				ENABLE_NS_ASSERTIONS = NO;
				ENABLE_STRICT_OBJC_MSGSEND = YES;
				GCC_C_LANGUAGE_STANDARD = gnu11;
				GCC_NO_COMMON_BLOCKS = YES;
				GCC_WARN_64_TO_32_BIT_CONVERSION = YES;
				GCC_WARN_ABOUT_RETURN_TYPE = YES_ERROR;
				GCC_WARN_UNDECLARED_SELECTOR = YES;
				GCC_WARN_UNINITIALIZED_AUTOS = YES_AGGRESSIVE;
				GCC_WARN_UNUSED_FUNCTION = YES;
				GCC_WARN_UNUSED_VARIABLE = YES;
				IPHONEOS_DEPLOYMENT_TARGET = 15.5;
				MTL_ENABLE_DEBUG_INFO = NO;
				MTL_FAST_MATH = YES;
				SDKROOT = iphoneos;
				SWIFT_COMPILATION_MODE = wholemodule;
				SWIFT_OPTIMIZATION_LEVEL = "-O";
				VALIDATE_PRODUCT = YES;
			};
			name = Release;
		};
		A28F092328B89D0C00FE0AB9 /* Debug */ = {
			isa = XCBuildConfiguration;
			baseConfigurationReference = EBD2B7113C4722A9A840DEE8 /* Pods-Assessment.debug.xcconfig */;
			buildSettings = {
				ASSETCATALOG_COMPILER_APPICON_NAME = AppIcon;
				ASSETCATALOG_COMPILER_GLOBAL_ACCENT_COLOR_NAME = AccentColor;
				CODE_SIGN_STYLE = Automatic;
				CURRENT_PROJECT_VERSION = 1;
				GENERATE_INFOPLIST_FILE = YES;
				INFOPLIST_FILE = Assessment/Assets/Info.plist;
				INFOPLIST_KEY_UIApplicationSupportsIndirectInputEvents = YES;
				INFOPLIST_KEY_UILaunchStoryboardName = LaunchScreen;
				INFOPLIST_KEY_UIMainStoryboardFile = Main;
				INFOPLIST_KEY_UISupportedInterfaceOrientations_iPad = "UIInterfaceOrientationPortrait UIInterfaceOrientationPortraitUpsideDown UIInterfaceOrientationLandscapeLeft UIInterfaceOrientationLandscapeRight";
				INFOPLIST_KEY_UISupportedInterfaceOrientations_iPhone = "UIInterfaceOrientationPortrait UIInterfaceOrientationLandscapeLeft UIInterfaceOrientationLandscapeRight";
				IPHONEOS_DEPLOYMENT_TARGET = 13.0;
				LD_RUNPATH_SEARCH_PATHS = (
					"$(inherited)",
					"@executable_path/Frameworks",
				);
				MARKETING_VERSION = 1.0;
				PRODUCT_BUNDLE_IDENTIFIER = com.iqsolution.Assessment;
				PRODUCT_NAME = "$(TARGET_NAME)";
				SWIFT_EMIT_LOC_STRINGS = YES;
				SWIFT_VERSION = 5.0;
				TARGETED_DEVICE_FAMILY = "1,2";
			};
			name = Debug;
		};
		A28F092428B89D0C00FE0AB9 /* Release */ = {
			isa = XCBuildConfiguration;
			baseConfigurationReference = 9C98FD159E6110F661AE1D4D /* Pods-Assessment.release.xcconfig */;
			buildSettings = {
				ASSETCATALOG_COMPILER_APPICON_NAME = AppIcon;
				ASSETCATALOG_COMPILER_GLOBAL_ACCENT_COLOR_NAME = AccentColor;
				CODE_SIGN_STYLE = Automatic;
				CURRENT_PROJECT_VERSION = 1;
				GENERATE_INFOPLIST_FILE = YES;
				INFOPLIST_FILE = Assessment/Assets/Info.plist;
				INFOPLIST_KEY_UIApplicationSupportsIndirectInputEvents = YES;
				INFOPLIST_KEY_UILaunchStoryboardName = LaunchScreen;
				INFOPLIST_KEY_UIMainStoryboardFile = Main;
				INFOPLIST_KEY_UISupportedInterfaceOrientations_iPad = "UIInterfaceOrientationPortrait UIInterfaceOrientationPortraitUpsideDown UIInterfaceOrientationLandscapeLeft UIInterfaceOrientationLandscapeRight";
				INFOPLIST_KEY_UISupportedInterfaceOrientations_iPhone = "UIInterfaceOrientationPortrait UIInterfaceOrientationLandscapeLeft UIInterfaceOrientationLandscapeRight";
				IPHONEOS_DEPLOYMENT_TARGET = 13.0;
				LD_RUNPATH_SEARCH_PATHS = (
					"$(inherited)",
					"@executable_path/Frameworks",
				);
				MARKETING_VERSION = 1.0;
				PRODUCT_BUNDLE_IDENTIFIER = com.iqsolution.Assessment;
				PRODUCT_NAME = "$(TARGET_NAME)";
				SWIFT_EMIT_LOC_STRINGS = YES;
				SWIFT_VERSION = 5.0;
				TARGETED_DEVICE_FAMILY = "1,2";
			};
			name = Release;
		};
		A28F092628B89D0C00FE0AB9 /* Debug */ = {
			isa = XCBuildConfiguration;
			baseConfigurationReference = E71822A5EA22BAF907AE36BB /* Pods-AssessmentTests.debug.xcconfig */;
			buildSettings = {
				ALWAYS_EMBED_SWIFT_STANDARD_LIBRARIES = YES;
				BUNDLE_LOADER = "$(TEST_HOST)";
				CODE_SIGN_STYLE = Automatic;
				CURRENT_PROJECT_VERSION = 1;
				GENERATE_INFOPLIST_FILE = YES;
				IPHONEOS_DEPLOYMENT_TARGET = 15.5;
				MARKETING_VERSION = 1.0;
				PRODUCT_BUNDLE_IDENTIFIER = com.iqsolution.AssessmentTests;
				PRODUCT_NAME = "$(TARGET_NAME)";
				SWIFT_EMIT_LOC_STRINGS = NO;
				SWIFT_VERSION = 5.0;
				TARGETED_DEVICE_FAMILY = "1,2";
				TEST_HOST = "$(BUILT_PRODUCTS_DIR)/Assessment.app/Assessment";
			};
			name = Debug;
		};
		A28F092728B89D0C00FE0AB9 /* Release */ = {
			isa = XCBuildConfiguration;
			baseConfigurationReference = 27B43FC0BF2E493A8787CBC5 /* Pods-AssessmentTests.release.xcconfig */;
			buildSettings = {
				ALWAYS_EMBED_SWIFT_STANDARD_LIBRARIES = YES;
				BUNDLE_LOADER = "$(TEST_HOST)";
				CODE_SIGN_STYLE = Automatic;
				CURRENT_PROJECT_VERSION = 1;
				GENERATE_INFOPLIST_FILE = YES;
				IPHONEOS_DEPLOYMENT_TARGET = 15.5;
				MARKETING_VERSION = 1.0;
				PRODUCT_BUNDLE_IDENTIFIER = com.iqsolution.AssessmentTests;
				PRODUCT_NAME = "$(TARGET_NAME)";
				SWIFT_EMIT_LOC_STRINGS = NO;
				SWIFT_VERSION = 5.0;
				TARGETED_DEVICE_FAMILY = "1,2";
				TEST_HOST = "$(BUILT_PRODUCTS_DIR)/Assessment.app/Assessment";
			};
			name = Release;
		};
		A28F092928B89D0C00FE0AB9 /* Debug */ = {
			isa = XCBuildConfiguration;
			baseConfigurationReference = 972BC1D85DD60DA838C0461F /* Pods-Assessment-AssessmentUITests.debug.xcconfig */;
			buildSettings = {
				ALWAYS_EMBED_SWIFT_STANDARD_LIBRARIES = YES;
				CODE_SIGN_STYLE = Automatic;
				CURRENT_PROJECT_VERSION = 1;
				GENERATE_INFOPLIST_FILE = YES;
				MARKETING_VERSION = 1.0;
				PRODUCT_BUNDLE_IDENTIFIER = com.iqsolution.AssessmentUITests;
				PRODUCT_NAME = "$(TARGET_NAME)";
				SWIFT_EMIT_LOC_STRINGS = NO;
				SWIFT_VERSION = 5.0;
				TARGETED_DEVICE_FAMILY = "1,2";
				TEST_TARGET_NAME = Assessment;
			};
			name = Debug;
		};
		A28F092A28B89D0C00FE0AB9 /* Release */ = {
			isa = XCBuildConfiguration;
			baseConfigurationReference = E8890B6785AAC8BB1DD36DF4 /* Pods-Assessment-AssessmentUITests.release.xcconfig */;
			buildSettings = {
				ALWAYS_EMBED_SWIFT_STANDARD_LIBRARIES = YES;
				CODE_SIGN_STYLE = Automatic;
				CURRENT_PROJECT_VERSION = 1;
				GENERATE_INFOPLIST_FILE = YES;
				MARKETING_VERSION = 1.0;
				PRODUCT_BUNDLE_IDENTIFIER = com.iqsolution.AssessmentUITests;
				PRODUCT_NAME = "$(TARGET_NAME)";
				SWIFT_EMIT_LOC_STRINGS = NO;
				SWIFT_VERSION = 5.0;
				TARGETED_DEVICE_FAMILY = "1,2";
				TEST_TARGET_NAME = Assessment;
			};
			name = Release;
		};
/* End XCBuildConfiguration section */

/* Begin XCConfigurationList section */
		A28F08F328B89D0900FE0AB9 /* Build configuration list for PBXProject "Assessment" */ = {
			isa = XCConfigurationList;
			buildConfigurations = (
				A28F092028B89D0C00FE0AB9 /* Debug */,
				A28F092128B89D0C00FE0AB9 /* Release */,
			);
			defaultConfigurationIsVisible = 0;
			defaultConfigurationName = Release;
		};
		A28F092228B89D0C00FE0AB9 /* Build configuration list for PBXNativeTarget "Assessment" */ = {
			isa = XCConfigurationList;
			buildConfigurations = (
				A28F092328B89D0C00FE0AB9 /* Debug */,
				A28F092428B89D0C00FE0AB9 /* Release */,
			);
			defaultConfigurationIsVisible = 0;
			defaultConfigurationName = Release;
		};
		A28F092528B89D0C00FE0AB9 /* Build configuration list for PBXNativeTarget "AssessmentTests" */ = {
			isa = XCConfigurationList;
			buildConfigurations = (
				A28F092628B89D0C00FE0AB9 /* Debug */,
				A28F092728B89D0C00FE0AB9 /* Release */,
			);
			defaultConfigurationIsVisible = 0;
			defaultConfigurationName = Release;
		};
		A28F092828B89D0C00FE0AB9 /* Build configuration list for PBXNativeTarget "AssessmentUITests" */ = {
			isa = XCConfigurationList;
			buildConfigurations = (
				A28F092928B89D0C00FE0AB9 /* Debug */,
				A28F092A28B89D0C00FE0AB9 /* Release */,
			);
			defaultConfigurationIsVisible = 0;
			defaultConfigurationName = Release;
		};
/* End XCConfigurationList section */
	};
	rootObject = A28F08F028B89D0900FE0AB9 /* Project object */;
}
